
Microsoft Visual Studio Solution File, Format Version 12.00
# Visual Studio Version 16
VisualStudioVersion = 16.0.29424.173
MinimumVisualStudioVersion = 10.0.40219.1
Project("{9A19103F-16F7-4668-BE54-9A1E7A4F7556}") = "NFC.Application", "Implementation\NFC.Application\NFC.Application.csproj", "{529382DB-F5B7-44F9-AC02-95FB5090290E}"
EndProject
Project("{9A19103F-16F7-4668-BE54-9A1E7A4F7556}") = "NFC.Domain", "Implementation\NFC.Domain\NFC.Domain.csproj", "{2E44C7BA-AA95-4333-9257-6AEFF109F2B7}"
EndProject
Project("{9A19103F-16F7-4668-BE54-9A1E7A4F7556}") = "NFC.Infrastructure", "Implementation\NFC.Infrastructure\NFC.Infrastructure.csproj", "{EA8C687C-5070-439E-81EB-6F13C94168C8}"
EndProject
Project("{9A19103F-16F7-4668-BE54-9A1E7A4F7556}") = "NFC.Persistence", "Implementation\NFC.Persistence\NFC.Persistence.csproj", "{F1B0AC7D-7338-4F73-91D2-268C3951D3A9}"
EndProject
Project("{9A19103F-16F7-4668-BE54-9A1E7A4F7556}") = "NFC.WebAPI", "Implementation\NFC.WebAPI\NFC.WebAPI.csproj", "{095E6EBF-61D6-451A-9E7D-F560B31982EC}"
EndProject
Project("{2150E333-8FDC-42A3-9474-1A3956D46DE8}") = "Core", "Core", "{02F5B8B1-94F6-4717-9E56-E9E6E3CB9CC5}"
EndProject
Project("{9A19103F-16F7-4668-BE54-9A1E7A4F7556}") = "NFC.Common", "Implementation\NFC.Common\NFC.Common.csproj", "{2519CAE8-8275-4AD0-90E7-B07CCDCE666B}"
EndProject
Project("{2150E333-8FDC-42A3-9474-1A3956D46DE8}") = "Infrastructure", "Infrastructure", "{EA48F6AA-D313-49A7-A040-2E860498C51A}"
EndProject
Project("{2150E333-8FDC-42A3-9474-1A3956D46DE8}") = "Presentation", "Presentation", "{D5C10165-E2BA-4294-BB62-E139A5C35E5B}"
EndProject
Global
	GlobalSection(SolutionConfigurationPlatforms) = preSolution
		Debug|Any CPU = Debug|Any CPU
		Release|Any CPU = Release|Any CPU
	EndGlobalSection
	GlobalSection(ProjectConfigurationPlatforms) = postSolution
		{529382DB-F5B7-44F9-AC02-95FB5090290E}.Debug|Any CPU.ActiveCfg = Debug|Any CPU
		{529382DB-F5B7-44F9-AC02-95FB5090290E}.Debug|Any CPU.Build.0 = Debug|Any CPU
		{529382DB-F5B7-44F9-AC02-95FB5090290E}.Release|Any CPU.ActiveCfg = Release|Any CPU
		{529382DB-F5B7-44F9-AC02-95FB5090290E}.Release|Any CPU.Build.0 = Release|Any CPU
		{2E44C7BA-AA95-4333-9257-6AEFF109F2B7}.Debug|Any CPU.ActiveCfg = Debug|Any CPU
		{2E44C7BA-AA95-4333-9257-6AEFF109F2B7}.Debug|Any CPU.Build.0 = Debug|Any CPU
		{2E44C7BA-AA95-4333-9257-6AEFF109F2B7}.Release|Any CPU.ActiveCfg = Release|Any CPU
		{2E44C7BA-AA95-4333-9257-6AEFF109F2B7}.Release|Any CPU.Build.0 = Release|Any CPU
		{EA8C687C-5070-439E-81EB-6F13C94168C8}.Debug|Any CPU.ActiveCfg = Debug|Any CPU
		{EA8C687C-5070-439E-81EB-6F13C94168C8}.Debug|Any CPU.Build.0 = Debug|Any CPU
		{EA8C687C-5070-439E-81EB-6F13C94168C8}.Release|Any CPU.ActiveCfg = Release|Any CPU
		{EA8C687C-5070-439E-81EB-6F13C94168C8}.Release|Any CPU.Build.0 = Release|Any CPU
		{F1B0AC7D-7338-4F73-91D2-268C3951D3A9}.Debug|Any CPU.ActiveCfg = Debug|Any CPU
		{F1B0AC7D-7338-4F73-91D2-268C3951D3A9}.Debug|Any CPU.Build.0 = Debug|Any CPU
		{F1B0AC7D-7338-4F73-91D2-268C3951D3A9}.Release|Any CPU.ActiveCfg = Release|Any CPU
		{F1B0AC7D-7338-4F73-91D2-268C3951D3A9}.Release|Any CPU.Build.0 = Release|Any CPU
		{095E6EBF-61D6-451A-9E7D-F560B31982EC}.Debug|Any CPU.ActiveCfg = Debug|Any CPU
		{095E6EBF-61D6-451A-9E7D-F560B31982EC}.Debug|Any CPU.Build.0 = Debug|Any CPU
		{095E6EBF-61D6-451A-9E7D-F560B31982EC}.Release|Any CPU.ActiveCfg = Release|Any CPU
		{095E6EBF-61D6-451A-9E7D-F560B31982EC}.Release|Any CPU.Build.0 = Release|Any CPU
		{2519CAE8-8275-4AD0-90E7-B07CCDCE666B}.Debug|Any CPU.ActiveCfg = Debug|Any CPU
		{2519CAE8-8275-4AD0-90E7-B07CCDCE666B}.Debug|Any CPU.Build.0 = Debug|Any CPU
		{2519CAE8-8275-4AD0-90E7-B07CCDCE666B}.Release|Any CPU.ActiveCfg = Release|Any CPU
		{2519CAE8-8275-4AD0-90E7-B07CCDCE666B}.Release|Any CPU.Build.0 = Release|Any CPU
	EndGlobalSection
	GlobalSection(SolutionProperties) = preSolution
		HideSolutionNode = FALSE
	EndGlobalSection
	GlobalSection(NestedProjects) = preSolution
		{529382DB-F5B7-44F9-AC02-95FB5090290E} = {02F5B8B1-94F6-4717-9E56-E9E6E3CB9CC5}
		{2E44C7BA-AA95-4333-9257-6AEFF109F2B7} = {02F5B8B1-94F6-4717-9E56-E9E6E3CB9CC5}
		{EA8C687C-5070-439E-81EB-6F13C94168C8} = {EA48F6AA-D313-49A7-A040-2E860498C51A}
		{F1B0AC7D-7338-4F73-91D2-268C3951D3A9} = {EA48F6AA-D313-49A7-A040-2E860498C51A}
		{095E6EBF-61D6-451A-9E7D-F560B31982EC} = {D5C10165-E2BA-4294-BB62-E139A5C35E5B}
		{2519CAE8-8275-4AD0-90E7-B07CCDCE666B} = {02F5B8B1-94F6-4717-9E56-E9E6E3CB9CC5}
	EndGlobalSection
	GlobalSection(ExtensibilityGlobals) = postSolution
		SolutionGuid = {62E89E2F-A416-4521-9A91-DBE447F5B4E5}
	EndGlobalSection
EndGlobal
